
Microsoft Visual Studio Solution File, Format Version 12.00
# Visual Studio 15
VisualStudioVersion = 15.0.28307.960
MinimumVisualStudioVersion = 10.0.40219.1
Project("{FAE04EC0-301F-11D3-BF4B-00C04F79EFBC}") = "DatabaseCon", "DatabaseCon\DatabaseCon.csproj", "{53E93083-FBB6-49D5-A3AC-534F775A9EBD}"
EndProject
Global
	GlobalSection(SolutionConfigurationPlatforms) = preSolution
		Debug|Any CPU = Debug|Any CPU
		Release|Any CPU = Release|Any CPU
	EndGlobalSection
	GlobalSection(ProjectConfigurationPlatforms) = postSolution
		{53E93083-FBB6-49D5-A3AC-534F775A9EBD}.Debug|Any CPU.ActiveCfg = Debug|Any CPU
		{53E93083-FBB6-49D5-A3AC-534F775A9EBD}.Debug|Any CPU.Build.0 = Debug|Any CPU
		{53E93083-FBB6-49D5-A3AC-534F775A9EBD}.Release|Any CPU.ActiveCfg = Release|Any CPU
		{53E93083-FBB6-49D5-A3AC-534F775A9EBD}.Release|Any CPU.Build.0 = Release|Any CPU
	EndGlobalSection
	GlobalSection(SolutionProperties) = preSolution
		HideSolutionNode = FALSE
	EndGlobalSection
	GlobalSection(ExtensibilityGlobals) = postSolution
		SolutionGuid = {72612260-D716-4282-91BC-9E71AE7D224F}
	EndGlobalSection
EndGlobal
